
Microsoft Visual Studio Solution File, Format Version 12.00
# Visual Studio Version 17
VisualStudioVersion = 17.9.34622.214
MinimumVisualStudioVersion = 10.0.40219.1
Project("{9A19103F-16F7-4668-BE54-9A1E7A4F7556}") = "P2P.Auction.Client", "P2P.Auction.Client\P2P.Auction.Client.csproj", "{089D742B-12EA-430F-800F-FB163E8F0CE2}"
EndProject
Project("{9A19103F-16F7-4668-BE54-9A1E7A4F7556}") = "P2P.Auction.Server", "P2P.Auction.Server\P2P.Auction.Server.csproj", "{058CE9FF-2EE5-4B3B-A762-07E8FFC6E5BE}"
EndProject
Global
	GlobalSection(SolutionConfigurationPlatforms) = preSolution
		Debug|Any CPU = Debug|Any CPU
		Release|Any CPU = Release|Any CPU
	EndGlobalSection
	GlobalSection(ProjectConfigurationPlatforms) = postSolution
		{089D742B-12EA-430F-800F-FB163E8F0CE2}.Debug|Any CPU.ActiveCfg = Debug|Any CPU
		{089D742B-12EA-430F-800F-FB163E8F0CE2}.Debug|Any CPU.Build.0 = Debug|Any CPU
		{089D742B-12EA-430F-800F-FB163E8F0CE2}.Release|Any CPU.ActiveCfg = Release|Any CPU
		{089D742B-12EA-430F-800F-FB163E8F0CE2}.Release|Any CPU.Build.0 = Release|Any CPU
		{058CE9FF-2EE5-4B3B-A762-07E8FFC6E5BE}.Debug|Any CPU.ActiveCfg = Debug|Any CPU
		{058CE9FF-2EE5-4B3B-A762-07E8FFC6E5BE}.Debug|Any CPU.Build.0 = Debug|Any CPU
		{058CE9FF-2EE5-4B3B-A762-07E8FFC6E5BE}.Release|Any CPU.ActiveCfg = Release|Any CPU
		{058CE9FF-2EE5-4B3B-A762-07E8FFC6E5BE}.Release|Any CPU.Build.0 = Release|Any CPU
	EndGlobalSection
	GlobalSection(SolutionProperties) = preSolution
		HideSolutionNode = FALSE
	EndGlobalSection
	GlobalSection(ExtensibilityGlobals) = postSolution
		SolutionGuid = {D6BC193E-1A52-4108-9A6D-698CF1630C98}
	EndGlobalSection
EndGlobal
